
Microsoft Visual Studio Solution File, Format Version 12.00
# Visual Studio Version 16
VisualStudioVersion = 16.0.32510.428
MinimumVisualStudioVersion = 10.0.40219.1
Project("{FAE04EC0-301F-11D3-BF4B-00C04F79EFBC}") = "MVC1", "MVC1\MVC1.csproj", "{FA8B36D4-9790-424F-9A85-03FFBC67BFA4}"
EndProject
Global
	GlobalSection(SolutionConfigurationPlatforms) = preSolution
		Debug|Any CPU = Debug|Any CPU
		Release|Any CPU = Release|Any CPU
	EndGlobalSection
	GlobalSection(ProjectConfigurationPlatforms) = postSolution
		{FA8B36D4-9790-424F-9A85-03FFBC67BFA4}.Debug|Any CPU.ActiveCfg = Debug|Any CPU
		{FA8B36D4-9790-424F-9A85-03FFBC67BFA4}.Debug|Any CPU.Build.0 = Debug|Any CPU
		{FA8B36D4-9790-424F-9A85-03FFBC67BFA4}.Release|Any CPU.ActiveCfg = Release|Any CPU
		{FA8B36D4-9790-424F-9A85-03FFBC67BFA4}.Release|Any CPU.Build.0 = Release|Any CPU
	EndGlobalSection
	GlobalSection(SolutionProperties) = preSolution
		HideSolutionNode = FALSE
	EndGlobalSection
	GlobalSection(ExtensibilityGlobals) = postSolution
		SolutionGuid = {23F28E3E-C789-4A2A-9483-A00637B91694}
	EndGlobalSection
EndGlobal
