
Microsoft Visual Studio Solution File, Format Version 12.00
# Visual Studio Version 16
VisualStudioVersion = 16.0.32510.428
MinimumVisualStudioVersion = 10.0.40219.1
Project("{FAE04EC0-301F-11D3-BF4B-00C04F79EFBC}") = "WinFormsApp1", "WinFormsApp1\WinFormsApp1.csproj", "{5A8366FD-4973-479D-A079-BBBB12BCB091}"
EndProject
Global
	GlobalSection(SolutionConfigurationPlatforms) = preSolution
		Debug|Any CPU = Debug|Any CPU
		Release|Any CPU = Release|Any CPU
	EndGlobalSection
	GlobalSection(ProjectConfigurationPlatforms) = postSolution
		{5A8366FD-4973-479D-A079-BBBB12BCB091}.Debug|Any CPU.ActiveCfg = Debug|Any CPU
		{5A8366FD-4973-479D-A079-BBBB12BCB091}.Debug|Any CPU.Build.0 = Debug|Any CPU
		{5A8366FD-4973-479D-A079-BBBB12BCB091}.Release|Any CPU.ActiveCfg = Release|Any CPU
		{5A8366FD-4973-479D-A079-BBBB12BCB091}.Release|Any CPU.Build.0 = Release|Any CPU
	EndGlobalSection
	GlobalSection(SolutionProperties) = preSolution
		HideSolutionNode = FALSE
	EndGlobalSection
	GlobalSection(ExtensibilityGlobals) = postSolution
		SolutionGuid = {C4BE420A-8A3C-4A87-A883-D005945766CD}
	EndGlobalSection
EndGlobal
