
Microsoft Visual Studio Solution File, Format Version 12.00
# Visual Studio Version 16
VisualStudioVersion = 16.0.32510.428
MinimumVisualStudioVersion = 10.0.40219.1
Project("{FAE04EC0-301F-11D3-BF4B-00C04F79EFBC}") = "WebApplication1", "WebApplication1\WebApplication1.csproj", "{6A1B2C3E-B79C-4CF5-90AB-D1E90F7780A1}"
EndProject
Global
	GlobalSection(SolutionConfigurationPlatforms) = preSolution
		Debug|Any CPU = Debug|Any CPU
		Release|Any CPU = Release|Any CPU
	EndGlobalSection
	GlobalSection(ProjectConfigurationPlatforms) = postSolution
		{6A1B2C3E-B79C-4CF5-90AB-D1E90F7780A1}.Debug|Any CPU.ActiveCfg = Debug|Any CPU
		{6A1B2C3E-B79C-4CF5-90AB-D1E90F7780A1}.Debug|Any CPU.Build.0 = Debug|Any CPU
		{6A1B2C3E-B79C-4CF5-90AB-D1E90F7780A1}.Release|Any CPU.ActiveCfg = Release|Any CPU
		{6A1B2C3E-B79C-4CF5-90AB-D1E90F7780A1}.Release|Any CPU.Build.0 = Release|Any CPU
	EndGlobalSection
	GlobalSection(SolutionProperties) = preSolution
		HideSolutionNode = FALSE
	EndGlobalSection
	GlobalSection(ExtensibilityGlobals) = postSolution
		SolutionGuid = {94D96C24-6262-46B6-911F-869C22AEAD0D}
	EndGlobalSection
EndGlobal
