
Microsoft Visual Studio Solution File, Format Version 12.00
# Visual Studio Version 16
VisualStudioVersion = 16.0.32510.428
MinimumVisualStudioVersion = 10.0.40219.1
Project("{FAE04EC0-301F-11D3-BF4B-00C04F79EFBC}") = "MVC", "MVC\MVC.csproj", "{52D98345-1BD2-4213-A0F5-273818A564C5}"
EndProject
Global
	GlobalSection(SolutionConfigurationPlatforms) = preSolution
		Debug|Any CPU = Debug|Any CPU
		Release|Any CPU = Release|Any CPU
	EndGlobalSection
	GlobalSection(ProjectConfigurationPlatforms) = postSolution
		{52D98345-1BD2-4213-A0F5-273818A564C5}.Debug|Any CPU.ActiveCfg = Debug|Any CPU
		{52D98345-1BD2-4213-A0F5-273818A564C5}.Debug|Any CPU.Build.0 = Debug|Any CPU
		{52D98345-1BD2-4213-A0F5-273818A564C5}.Release|Any CPU.ActiveCfg = Release|Any CPU
		{52D98345-1BD2-4213-A0F5-273818A564C5}.Release|Any CPU.Build.0 = Release|Any CPU
	EndGlobalSection
	GlobalSection(SolutionProperties) = preSolution
		HideSolutionNode = FALSE
	EndGlobalSection
	GlobalSection(ExtensibilityGlobals) = postSolution
		SolutionGuid = {17A80DA6-D4D8-4CD9-A76C-F2188CF983CB}
	EndGlobalSection
EndGlobal
