
Microsoft Visual Studio Solution File, Format Version 12.00
# Visual Studio Version 16
VisualStudioVersion = 16.0.32510.428
MinimumVisualStudioVersion = 10.0.40219.1
Project("{FAE04EC0-301F-11D3-BF4B-00C04F79EFBC}") = "WebApplication1", "WebApplication1\WebApplication1.csproj", "{0B93BF9C-1F52-4CB5-ACAA-353E21B2DCDB}"
EndProject
Global
	GlobalSection(SolutionConfigurationPlatforms) = preSolution
		Debug|Any CPU = Debug|Any CPU
		Release|Any CPU = Release|Any CPU
	EndGlobalSection
	GlobalSection(ProjectConfigurationPlatforms) = postSolution
		{0B93BF9C-1F52-4CB5-ACAA-353E21B2DCDB}.Debug|Any CPU.ActiveCfg = Debug|Any CPU
		{0B93BF9C-1F52-4CB5-ACAA-353E21B2DCDB}.Debug|Any CPU.Build.0 = Debug|Any CPU
		{0B93BF9C-1F52-4CB5-ACAA-353E21B2DCDB}.Release|Any CPU.ActiveCfg = Release|Any CPU
		{0B93BF9C-1F52-4CB5-ACAA-353E21B2DCDB}.Release|Any CPU.Build.0 = Release|Any CPU
	EndGlobalSection
	GlobalSection(SolutionProperties) = preSolution
		HideSolutionNode = FALSE
	EndGlobalSection
	GlobalSection(ExtensibilityGlobals) = postSolution
		SolutionGuid = {5EE217E1-F928-44B7-A984-CA029AE16DFF}
	EndGlobalSection
EndGlobal
