
Microsoft Visual Studio Solution File, Format Version 12.00
# Visual Studio Version 17
VisualStudioVersion = 17.1.32228.430
MinimumVisualStudioVersion = 10.0.40219.1
Project("{FAE04EC0-301F-11D3-BF4B-00C04F79EFBC}") = "caseStudy2", "caseStudy2\caseStudy2.csproj", "{F8F46F01-9708-45C2-AEA7-9D4162440A26}"
EndProject
Global
	GlobalSection(SolutionConfigurationPlatforms) = preSolution
		Debug|Any CPU = Debug|Any CPU
		Release|Any CPU = Release|Any CPU
	EndGlobalSection
	GlobalSection(ProjectConfigurationPlatforms) = postSolution
		{F8F46F01-9708-45C2-AEA7-9D4162440A26}.Debug|Any CPU.ActiveCfg = Debug|Any CPU
		{F8F46F01-9708-45C2-AEA7-9D4162440A26}.Debug|Any CPU.Build.0 = Debug|Any CPU
		{F8F46F01-9708-45C2-AEA7-9D4162440A26}.Release|Any CPU.ActiveCfg = Release|Any CPU
		{F8F46F01-9708-45C2-AEA7-9D4162440A26}.Release|Any CPU.Build.0 = Release|Any CPU
	EndGlobalSection
	GlobalSection(SolutionProperties) = preSolution
		HideSolutionNode = FALSE
	EndGlobalSection
	GlobalSection(ExtensibilityGlobals) = postSolution
		SolutionGuid = {2D86B752-13AE-43EC-9A0E-C6722C1ACAAE}
	EndGlobalSection
EndGlobal
