
Microsoft Visual Studio Solution File, Format Version 12.00
# Visual Studio Version 16
VisualStudioVersion = 16.0.32510.428
MinimumVisualStudioVersion = 10.0.40219.1
Project("{FAE04EC0-301F-11D3-BF4B-00C04F79EFBC}") = "WebApi2", "WebApi2\WebApi2.csproj", "{616039C5-BBCB-45E4-AC27-234926F6363A}"
EndProject
Global
	GlobalSection(SolutionConfigurationPlatforms) = preSolution
		Debug|Any CPU = Debug|Any CPU
		Release|Any CPU = Release|Any CPU
	EndGlobalSection
	GlobalSection(ProjectConfigurationPlatforms) = postSolution
		{616039C5-BBCB-45E4-AC27-234926F6363A}.Debug|Any CPU.ActiveCfg = Debug|Any CPU
		{616039C5-BBCB-45E4-AC27-234926F6363A}.Debug|Any CPU.Build.0 = Debug|Any CPU
		{616039C5-BBCB-45E4-AC27-234926F6363A}.Release|Any CPU.ActiveCfg = Release|Any CPU
		{616039C5-BBCB-45E4-AC27-234926F6363A}.Release|Any CPU.Build.0 = Release|Any CPU
	EndGlobalSection
	GlobalSection(SolutionProperties) = preSolution
		HideSolutionNode = FALSE
	EndGlobalSection
	GlobalSection(ExtensibilityGlobals) = postSolution
		SolutionGuid = {C96C4D92-F582-4118-90CB-C6DDEE4A9C00}
	EndGlobalSection
EndGlobal
