
Microsoft Visual Studio Solution File, Format Version 12.00
# Visual Studio Version 17
VisualStudioVersion = 17.1.32228.430
MinimumVisualStudioVersion = 10.0.40219.1
Project("{FAE04EC0-301F-11D3-BF4B-00C04F79EFBC}") = "codeBaseTest2", "codeBaseTest2\codeBaseTest2.csproj", "{16A81CEB-0F40-4256-A50B-1FC5CB34FD62}"
EndProject
Global
	GlobalSection(SolutionConfigurationPlatforms) = preSolution
		Debug|Any CPU = Debug|Any CPU
		Release|Any CPU = Release|Any CPU
	EndGlobalSection
	GlobalSection(ProjectConfigurationPlatforms) = postSolution
		{16A81CEB-0F40-4256-A50B-1FC5CB34FD62}.Debug|Any CPU.ActiveCfg = Debug|Any CPU
		{16A81CEB-0F40-4256-A50B-1FC5CB34FD62}.Debug|Any CPU.Build.0 = Debug|Any CPU
		{16A81CEB-0F40-4256-A50B-1FC5CB34FD62}.Release|Any CPU.ActiveCfg = Release|Any CPU
		{16A81CEB-0F40-4256-A50B-1FC5CB34FD62}.Release|Any CPU.Build.0 = Release|Any CPU
	EndGlobalSection
	GlobalSection(SolutionProperties) = preSolution
		HideSolutionNode = FALSE
	EndGlobalSection
	GlobalSection(ExtensibilityGlobals) = postSolution
		SolutionGuid = {444B9BFB-0A27-4F52-BE5F-75D6D656B0CF}
	EndGlobalSection
EndGlobal
