
Microsoft Visual Studio Solution File, Format Version 12.00
# Visual Studio Version 16
VisualStudioVersion = 16.0.32510.428
MinimumVisualStudioVersion = 10.0.40219.1
Project("{FAE04EC0-301F-11D3-BF4B-00C04F79EFBC}") = "Mvc1", "Mvc1\Mvc1.csproj", "{87AA7575-E144-436E-90AE-647D4C72E1FB}"
EndProject
Global
	GlobalSection(SolutionConfigurationPlatforms) = preSolution
		Debug|Any CPU = Debug|Any CPU
		Release|Any CPU = Release|Any CPU
	EndGlobalSection
	GlobalSection(ProjectConfigurationPlatforms) = postSolution
		{87AA7575-E144-436E-90AE-647D4C72E1FB}.Debug|Any CPU.ActiveCfg = Debug|Any CPU
		{87AA7575-E144-436E-90AE-647D4C72E1FB}.Debug|Any CPU.Build.0 = Debug|Any CPU
		{87AA7575-E144-436E-90AE-647D4C72E1FB}.Release|Any CPU.ActiveCfg = Release|Any CPU
		{87AA7575-E144-436E-90AE-647D4C72E1FB}.Release|Any CPU.Build.0 = Release|Any CPU
	EndGlobalSection
	GlobalSection(SolutionProperties) = preSolution
		HideSolutionNode = FALSE
	EndGlobalSection
	GlobalSection(ExtensibilityGlobals) = postSolution
		SolutionGuid = {C783832E-2E45-4CF2-8735-266F841F1F1B}
	EndGlobalSection
EndGlobal
